
Microsoft Visual Studio Solution File, Format Version 12.00
# Visual Studio Version 17
VisualStudioVersion = 17.8.34309.116
MinimumVisualStudioVersion = 10.0.40219.1
Project("{9A19103F-16F7-4668-BE54-9A1E7A4F7556}") = "Endahl.CSharpedSql", "Endahl.CSharpedSql\Endahl.CSharpedSql.csproj", "{9DE96A95-3945-4A24-A54E-734B82E468E6}"
EndProject
Project("{9A19103F-16F7-4668-BE54-9A1E7A4F7556}") = "Endahl.CSharpedSql.MySql", "Endahl.CSharpedSql.MySql\Endahl.CSharpedSql.MySql.csproj", "{C647E686-5D28-418B-94AF-BD57F5DB2B86}"
EndProject
Project("{9A19103F-16F7-4668-BE54-9A1E7A4F7556}") = "Endahl.CSharpedSqlTests", "Endahl.CSharpedSqlTests\Endahl.CSharpedSqlTests.csproj", "{47915724-8471-428F-BF30-ADE9DE69C5E4}"
EndProject
Project("{FAE04EC0-301F-11D3-BF4B-00C04F79EFBC}") = "Endahl.CSharpedSql.MSSql", "Endahl.CSharpedSql.MSSql\Endahl.CSharpedSql.MSSql.csproj", "{769E07E7-454E-4F89-8B36-B7EB0491E8D7}"
EndProject
Global
	GlobalSection(SolutionConfigurationPlatforms) = preSolution
		Debug|Any CPU = Debug|Any CPU
		Release|Any CPU = Release|Any CPU
	EndGlobalSection
	GlobalSection(ProjectConfigurationPlatforms) = postSolution
		{9DE96A95-3945-4A24-A54E-734B82E468E6}.Debug|Any CPU.ActiveCfg = Debug|Any CPU
		{9DE96A95-3945-4A24-A54E-734B82E468E6}.Debug|Any CPU.Build.0 = Debug|Any CPU
		{9DE96A95-3945-4A24-A54E-734B82E468E6}.Release|Any CPU.ActiveCfg = Release|Any CPU
		{9DE96A95-3945-4A24-A54E-734B82E468E6}.Release|Any CPU.Build.0 = Release|Any CPU
		{C647E686-5D28-418B-94AF-BD57F5DB2B86}.Debug|Any CPU.ActiveCfg = Debug|Any CPU
		{C647E686-5D28-418B-94AF-BD57F5DB2B86}.Debug|Any CPU.Build.0 = Debug|Any CPU
		{C647E686-5D28-418B-94AF-BD57F5DB2B86}.Release|Any CPU.ActiveCfg = Release|Any CPU
		{C647E686-5D28-418B-94AF-BD57F5DB2B86}.Release|Any CPU.Build.0 = Release|Any CPU
		{47915724-8471-428F-BF30-ADE9DE69C5E4}.Debug|Any CPU.ActiveCfg = Debug|Any CPU
		{47915724-8471-428F-BF30-ADE9DE69C5E4}.Debug|Any CPU.Build.0 = Debug|Any CPU
		{47915724-8471-428F-BF30-ADE9DE69C5E4}.Release|Any CPU.ActiveCfg = Release|Any CPU
		{47915724-8471-428F-BF30-ADE9DE69C5E4}.Release|Any CPU.Build.0 = Release|Any CPU
		{769E07E7-454E-4F89-8B36-B7EB0491E8D7}.Debug|Any CPU.ActiveCfg = Debug|Any CPU
		{769E07E7-454E-4F89-8B36-B7EB0491E8D7}.Debug|Any CPU.Build.0 = Debug|Any CPU
		{769E07E7-454E-4F89-8B36-B7EB0491E8D7}.Release|Any CPU.ActiveCfg = Release|Any CPU
		{769E07E7-454E-4F89-8B36-B7EB0491E8D7}.Release|Any CPU.Build.0 = Release|Any CPU
	EndGlobalSection
	GlobalSection(SolutionProperties) = preSolution
		HideSolutionNode = FALSE
	EndGlobalSection
	GlobalSection(ExtensibilityGlobals) = postSolution
		SolutionGuid = {AF9B3683-C4B8-4DCC-A1B9-AC75B0C9ED46}
	EndGlobalSection
EndGlobal
